
Microsoft Visual Studio Solution File, Format Version 12.00
# Visual Studio Version 17
VisualStudioVersion = 17.4.33110.190
MinimumVisualStudioVersion = 10.0.40219.1
Project("{FAE04EC0-301F-11D3-BF4B-00C04F79EFBC}") = "myProjectInApi", "myProjectInApi\myProjectInApi.csproj", "{DF216B09-ACDA-403B-9648-0ED279C7A6F1}"
EndProject
Global
	GlobalSection(SolutionConfigurationPlatforms) = preSolution
		Debug|Any CPU = Debug|Any CPU
		Release|Any CPU = Release|Any CPU
	EndGlobalSection
	GlobalSection(ProjectConfigurationPlatforms) = postSolution
		{DF216B09-ACDA-403B-9648-0ED279C7A6F1}.Debug|Any CPU.ActiveCfg = Debug|Any CPU
		{DF216B09-ACDA-403B-9648-0ED279C7A6F1}.Debug|Any CPU.Build.0 = Debug|Any CPU
		{DF216B09-ACDA-403B-9648-0ED279C7A6F1}.Release|Any CPU.ActiveCfg = Release|Any CPU
		{DF216B09-ACDA-403B-9648-0ED279C7A6F1}.Release|Any CPU.Build.0 = Release|Any CPU
	EndGlobalSection
	GlobalSection(SolutionProperties) = preSolution
		HideSolutionNode = FALSE
	EndGlobalSection
	GlobalSection(ExtensibilityGlobals) = postSolution
		SolutionGuid = {A025A3E7-2C47-490E-A505-A6EE81C2E45E}
	EndGlobalSection
EndGlobal
